
Microsoft Visual Studio Solution File, Format Version 12.00
# Visual Studio Version 17
VisualStudioVersion = 17.5.002.0
MinimumVisualStudioVersion = 10.0.40219.1
Project("{9A19103F-16F7-4668-BE54-9A1E7A4F7556}") = "AuthenticationManager", "AuthenticationManager.csproj", "{1FE09BCE-2926-436E-9F47-C4231DF9F013}"
EndProject
Global
	GlobalSection(SolutionConfigurationPlatforms) = preSolution
		Debug|Any CPU = Debug|Any CPU
		Release|Any CPU = Release|Any CPU
	EndGlobalSection
	GlobalSection(ProjectConfigurationPlatforms) = postSolution
		{1FE09BCE-2926-436E-9F47-C4231DF9F013}.Debug|Any CPU.ActiveCfg = Debug|Any CPU
		{1FE09BCE-2926-436E-9F47-C4231DF9F013}.Debug|Any CPU.Build.0 = Debug|Any CPU
		{1FE09BCE-2926-436E-9F47-C4231DF9F013}.Release|Any CPU.ActiveCfg = Release|Any CPU
		{1FE09BCE-2926-436E-9F47-C4231DF9F013}.Release|Any CPU.Build.0 = Release|Any CPU
	EndGlobalSection
	GlobalSection(SolutionProperties) = preSolution
		HideSolutionNode = FALSE
	EndGlobalSection
	GlobalSection(ExtensibilityGlobals) = postSolution
		SolutionGuid = {F5409F2F-C40C-4789-B053-11AD0B8B586C}
	EndGlobalSection
EndGlobal
